
Microsoft Visual Studio Solution File, Format Version 12.00
# Visual Studio 14
VisualStudioVersion = 14.0.25123.0
MinimumVisualStudioVersion = 10.0.40219.1
Project("{FAE04EC0-301F-11D3-BF4B-00C04F79EFBC}") = "DevMeetups", "DevMeetups\DevMeetups.csproj", "{4DA72306-2273-4983-823B-16F86C9EA038}"
EndProject
Project("{FAE04EC0-301F-11D3-BF4B-00C04F79EFBC}") = "DevMeetups.Tests", "DevMeetups.Tests\DevMeetups.Tests.csproj", "{5BB8D4C1-4822-46E7-8A9D-E1C14373FFCC}"
EndProject
Global
	GlobalSection(SolutionConfigurationPlatforms) = preSolution
		Debug|Any CPU = Debug|Any CPU
		Release|Any CPU = Release|Any CPU
	EndGlobalSection
	GlobalSection(ProjectConfigurationPlatforms) = postSolution
		{4DA72306-2273-4983-823B-16F86C9EA038}.Debug|Any CPU.ActiveCfg = Debug|Any CPU
		{4DA72306-2273-4983-823B-16F86C9EA038}.Debug|Any CPU.Build.0 = Debug|Any CPU
		{4DA72306-2273-4983-823B-16F86C9EA038}.Release|Any CPU.ActiveCfg = Release|Any CPU
		{4DA72306-2273-4983-823B-16F86C9EA038}.Release|Any CPU.Build.0 = Release|Any CPU
		{5BB8D4C1-4822-46E7-8A9D-E1C14373FFCC}.Debug|Any CPU.ActiveCfg = Debug|Any CPU
		{5BB8D4C1-4822-46E7-8A9D-E1C14373FFCC}.Debug|Any CPU.Build.0 = Debug|Any CPU
		{5BB8D4C1-4822-46E7-8A9D-E1C14373FFCC}.Release|Any CPU.ActiveCfg = Release|Any CPU
		{5BB8D4C1-4822-46E7-8A9D-E1C14373FFCC}.Release|Any CPU.Build.0 = Release|Any CPU
	EndGlobalSection
	GlobalSection(SolutionProperties) = preSolution
		HideSolutionNode = FALSE
	EndGlobalSection
EndGlobal
